github.com/Acebond/gomux v0.0.0-20230225133448-a46c896d8855 h1:RIIjG6EzQ+7bijL6Kv4hahPsjBQ1bcItgJCuD6BNp+s=
github.com/Acebond/gomux v0.0.0-20230225133448-a46c896d8855/go.mod h1:xi0dxlhnxyBRHASK2VTOXjpteXmDrgVEFMi18Sel9BQ=
github.com/Acebond/gomux v0.0.0-20230228100551-a1fbc5507ec6 h1:dXaOkZ/Qz0nzRGcjFXOUuoIsBHRYvjJ3i9m8oz2Mp+s=
github.com/Acebond/gomux v0.0.0-20230228100551-a1fbc5507ec6/go.mod h1:xi0dxlhnxyBRHASK2VTOXjpteXmDrgVEFMi18Sel9BQ=
github.com/davecgh/go-spew v1.1.1 h1:vj9j/u1bqnvCEfJOwUhtlOARqs3+rkHYY13jYWTU97c=
github.com/magisterquis/connectproxy v0.0.0-20200725203833-3582e84f0c9b h1:xZ59n7Frzh8CwyfAapUZLSg+gXH5m63YEaFCMpDHhpI=
github.com/magisterquis/connectproxy v0.0.0-20200725203833-3582e84f0c9b/go.mod h1:uDd4sYVYsqcxAB8j+Q7uhL6IJCs/r1kxib1HV4bgOMg=
github.com/pmezard/go-difflib v1.0.0 h1:4DBwDE0NGyQoBHbLQYPwSUPoCMWR5BEzIk/f1lZbAQM=
github.com/stretchr/testify v1.8.1 h1:w7B6lhMri9wdJUVmEZPGGhZzrYTPvgJArz7wNPgYKsk=
github.com/things-go/go-socks5 v0.0.3 h1:QtlIhkwDuLNCwW3wnt2uTjn1mQzpyjnwct2xdPuqroI=
github.com/things-go/go-socks5 v0.0.3/go.mod h1:f8Zx+n8kfzyT90hXM767cP6sysAud93+t9rV90IgMcg=
golang.org/x/net v0.7.0 h1:rJrUqqhjsgNp7KqAIc25s9pZnjU7TUcSY7HcVZjdn1g=
golang.org/x/net v0.7.0/go.mod h1:2Tu9+aMcznHK/AK1HMvgo6xiTLG5rD5rZLDS+rp2Bjs=
gopkg.in/yaml.v3 v3.0.1 h1:fxVm/GzAzEWqLHuvctI91KS9hhNmmWOoWu0XTYJS7CA=
