github.com/Acebond/gomux v0.0.0-20230316045141-bff70c950680 h1:uen1Z4mGx3pPG76ovfG6phRc1wab7pWi71v7HAIY7YQ=
github.com/Acebond/gomux v0.0.0-20230316045141-bff70c950680/go.mod h1:gbqueVmH7EENsS8r8l8h4ZzoSfkeu+mUstQ6rUSUS/M=
github.com/davecgh/go-spew v1.1.1 h1:vj9j/u1bqnvCEfJOwUhtlOARqs3+rkHYY13jYWTU97c=
github.com/pmezard/go-difflib v1.0.0 h1:4DBwDE0NGyQoBHbLQYPwSUPoCMWR5BEzIk/f1lZbAQM=
github.com/stretchr/testify v1.8.1 h1:w7B6lhMri9wdJUVmEZPGGhZzrYTPvgJArz7wNPgYKsk=
github.com/things-go/go-socks5 v0.0.3 h1:QtlIhkwDuLNCwW3wnt2uTjn1mQzpyjnwct2xdPuqroI=
github.com/things-go/go-socks5 v0.0.3/go.mod h1:f8Zx+n8kfzyT90hXM767cP6sysAud93+t9rV90IgMcg=
golang.org/x/crypto v0.7.0 h1:AvwMYaRytfdeVt3u6mLaxYtErKYjxA2OXjJ1HHq6t3A=
golang.org/x/crypto v0.7.0/go.mod h1:pYwdfH91IfpZVANVyUOhSIPZaFoJGxTFbZhFTx+dXZU=
golang.org/x/net v0.8.0 h1:Zrh2ngAOFYneWTAIAPethzeaQLuHwhuBkuV6ZiRnUaQ=
golang.org/x/sys v0.6.0 h1:MVltZSvRTcU2ljQOhs94SXPftV6DCNnZViHeQps87pQ=
golang.org/x/sys v0.6.0/go.mod h1:oPkhp1MJrh7nUepCBck5+mAzfO9JrbApNNgaTdGDITg=
gopkg.in/yaml.v3 v3.0.1 h1:fxVm/GzAzEWqLHuvctI91KS9hhNmmWOoWu0XTYJS7CA=
